schema: '2.0'
stages:
  data_ingestion:
    cmd: python src/data/data_ingestion.py
    deps:
    - path: src/data/data_ingestion.py
      hash: md5
      md5: 737bcc3074a62fd204593cb8bb60a6c1
      size: 3527
    params:
      params.yaml:
        data_ingestion.test_size: 0.1
    outs:
    - path: data/raw
      hash: md5
      md5: baa43b70a6a4c8dac10639c6b987a43a.dir
      size: 827973
      nfiles: 2
  data_preprocessing:
    cmd: python src/data/data_preprocessing.py
    deps:
    - path: data/raw
      hash: md5
      md5: baa43b70a6a4c8dac10639c6b987a43a.dir
      size: 827973
      nfiles: 2
    - path: src/data/data_preprocessing.py
      hash: md5
      md5: 69c1e925599fe9c337f9de05b76b0176
      size: 3990
    outs:
    - path: data/interim
      hash: md5
      md5: 178a793b073b8a86449a10b83b59e8cb.dir
      size: 566210
      nfiles: 2
  feature_engineering:
    cmd: python src/features/feature_engineering.py
    deps:
    - path: data/interim
      hash: md5
      md5: 178a793b073b8a86449a10b83b59e8cb.dir
      size: 566210
      nfiles: 2
    - path: src/features/feature_engineering.py
      hash: md5
      md5: 24ea98d7776fccb164a345d51d36afe0
      size: 3756
    params:
      params.yaml:
        feature_engineering.max_features: 100
    outs:
    - path: data/processed
      hash: md5
      md5: 99cf4aa57e75f5e838e84d424fed3529.dir
      size: 2106516
      nfiles: 2
  model_building:
    cmd: python src/model/model_building.py
    deps:
    - path: data/processed
      hash: md5
      md5: 99cf4aa57e75f5e838e84d424fed3529.dir
      size: 2106516
      nfiles: 2
    - path: src/model/model_building.py
      hash: md5
      md5: f85f3e5f2295ef5a6b539395836e591e
      size: 3059
    params:
      params.yaml:
        model_building.learning_rate: 0.1
        model_building.n_estimators: 25
    outs:
    - path: models/model.pkl
      hash: md5
      md5: 4a65e42958e30e9587895a2cf8720c04
      size: 39489
  model_evaluation:
    cmd: python src/model/model_evaluation.py
    deps:
    - path: models/model.pkl
      hash: md5
      md5: 4a65e42958e30e9587895a2cf8720c04
      size: 39489
    - path: src/model/model_evaluation.py
      hash: md5
      md5: a6eec6ad749aa22c1aff524b392b695c
      size: 3367
    outs:
    - path: reports/metrics.json
      hash: md5
      md5: 014ea17ec626a7526767fcab1f9b7de4
      size: 145
